PODS:
  - Alamofire (5.11.2)
  - OptimizedSQLCipher (1.2.2)
  - QSIpLocation (1.0.3)
  - QSJsonParser (1.0.1)
  - QSModelConvert (1.0.0)
  - QSNetRequest (1.0.2):
    - Alamofire
    - QSJsonParser
  - SQLiteRepair (1.2.2):
    - OptimizedSQLCipher
  - WCDBSwift (1.0.2):
    - OptimizedSQLCipher
    - SQLiteRepair

DEPENDENCIES:
  - QSIpLocation
  - QSModelConvert
  - QSNetRequest
  - WCDBSwift

SPEC REPOS:
  trunk:
    - Alamofire
    - OptimizedSQLCipher
    - QSIpLocation
    - QSJsonParser
    - QSModelConvert
    - QSNetRequest
    - SQLiteRepair
    - WCDBSwift

SPEC CHECKSUMS:
  Alamofire: 400275dd1c6d87d95a041861d2a59da4b520a203
  OptimizedSQLCipher: 92a1bf5cc94139e1da49de9c883ff9891bcd2a37
  QSIpLocation: 42dc5be55c447e5d64f813c95cd27b106b4d9f0c
  QSJsonParser: 43e6d96f530b0a451bd0f0cd2fce6d1d939d4406
  QSModelConvert: cd25f4414ad1cb640169d953894a54057794bcce
  QSNetRequest: c436a04bbe900b5da7dcba1da26491a2910f58eb
  SQLiteRepair: 65ac4472667ac8cdeb93c3765f2fcae4dd259204
  WCDBSwift: 6687dc2d4bebce2b237017ca367730f5f8409e67

PODFILE CHECKSUM: 00498d4e1bb43e5341652487be3920f332fd782f

COCOAPODS: 1.16.2
