// !$*UTF8*$!
{
	archiveVersion = 1;
	classes = {
	};
	objectVersion = 77;
	objects = {

/* Begin PBXBuildFile section */
		1F177B252EFA7095008B8697 /* QSApiAnalyticsWatch Watch App.app in Embed Watch Content */ = {isa = PBXBuildFile; fileRef = 1F177B182EFA7093008B8697 /* QSApiAnalyticsWatch Watch App.app */; settings = {ATTRIBUTES = (RemoveHeadersOnCopy, ); }; };
		4111DEB96E2F859DF706763E /* Pods_QSApiAnalyticsWatch_Watch_App.framework in Frameworks */ = {isa = PBXBuildFile; fileRef = 6BA1EDB44FB306AEF7E46E21 /* Pods_QSApiAnalyticsWatch_Watch_App.framework */; };
		98D46191A8698FB2F01D93AE /* Pods_QSApiAnalytics.framework in Frameworks */ = {isa = PBXBuildFile; fileRef = D133472727839CFE61D1B03A /* Pods_QSApiAnalytics.framework */; };
/* End PBXBuildFile section */

/* Begin PBXContainerItemProxy section */
		1F177B232EFA7095008B8697 /* PBXContainerItemProxy */ = {
			isa = PBXContainerItemProxy;
			containerPortal = 1F177A512EFA4A39008B8697 /* Project object */;
			proxyType = 1;
			remoteGlobalIDString = 1F177B172EFA7093008B8697;
			remoteInfo = "QSApiAnalyticsWatch Watch App";
		};
/* End PBXContainerItemProxy section */

/* Begin PBXCopyFilesBuildPhase section */
		1F177B262EFA7095008B8697 /* Embed Watch Content */ = {
			isa = PBXCopyFilesBuildPhase;
			buildActionMask = 2147483647;
			dstPath = "$(CONTENTS_FOLDER_PATH)/Watch";
			dstSubfolderSpec = 16;
			files = (
				1F177B252EFA7095008B8697 /* QSApiAnalyticsWatch Watch App.app in Embed Watch Content */,
			);
			name = "Embed Watch Content";
			runOnlyForDeploymentPostprocessing = 0;
		};
/* End PBXCopyFilesBuildPhase section */

/* Begin PBXFileReference section */
		193A421B2E39D96B0D55CDAB /* Pods-QSApiAnalyticsWatch Watch App.release.xcconfig */ = {isa = PBXFileReference; includeInIndex = 1; lastKnownFileType = text.xcconfig; name = "Pods-QSApiAnalyticsWatch Watch App.release.xcconfig"; path = "Target Support Files/Pods-QSApiAnalyticsWatch Watch App/Pods-QSApiAnalyticsWatch Watch App.release.xcconfig"; sourceTree = "<group>"; };
		1F177A592EFA4A39008B8697 /* QSApiAnalytics.app */ = {isa = PBXFileReference; explicitFileType = wrapper.application; includeInIndex = 0; path = QSApiAnalytics.app; sourceTree = BUILT_PRODUCTS_DIR; };
		1F177B182EFA7093008B8697 /* QSApiAnalyticsWatch Watch App.app */ = {isa = PBXFileReference; explicitFileType = wrapper.application; includeInIndex = 0; path = "QSApiAnalyticsWatch Watch App.app"; sourceTree = BUILT_PRODUCTS_DIR; };
		4E7383032894B20DB765F514 /* Pods-QSApiAnalyticsWatch Watch App.debug.xcconfig */ = {isa = PBXFileReference; includeInIndex = 1; lastKnownFileType = text.xcconfig; name = "Pods-QSApiAnalyticsWatch Watch App.debug.xcconfig"; path = "Target Support Files/Pods-QSApiAnalyticsWatch Watch App/Pods-QSApiAnalyticsWatch Watch App.debug.xcconfig"; sourceTree = "<group>"; };
		50A436F8429DE6DCD1FD87FC /* Pods-QSApiAnalytics.release.xcconfig */ = {isa = PBXFileReference; includeInIndex = 1; lastKnownFileType = text.xcconfig; name = "Pods-QSApiAnalytics.release.xcconfig"; path = "Target Support Files/Pods-QSApiAnalytics/Pods-QSApiAnalytics.release.xcconfig"; sourceTree = "<group>"; };
		5FFFF7A25B4E4844353DF7D4 /* Pods-QSApiAnalytics.debug.xcconfig */ = {isa = PBXFileReference; includeInIndex = 1; lastKnownFileType = text.xcconfig; name = "Pods-QSApiAnalytics.debug.xcconfig"; path = "Target Support Files/Pods-QSApiAnalytics/Pods-QSApiAnalytics.debug.xcconfig"; sourceTree = "<group>"; };
		6BA1EDB44FB306AEF7E46E21 /* Pods_QSApiAnalyticsWatch_Watch_App.framework */ = {isa = PBXFileReference; explicitFileType = wrapper.framework; includeInIndex = 0; path = Pods_QSApiAnalyticsWatch_Watch_App.framework; sourceTree = BUILT_PRODUCTS_DIR; };
		D133472727839CFE61D1B03A /* Pods_QSApiAnalytics.framework */ = {isa = PBXFileReference; explicitFileType = wrapper.framework; includeInIndex = 0; path = Pods_QSApiAnalytics.framework; sourceTree = BUILT_PRODUCTS_DIR; };
/* End PBXFileReference section */

/* Begin PBXFileSystemSynchronizedBuildFileExceptionSet section */
		1F177A952EFA4A55008B8697 /* Exceptions for "QSApiAnalytics" folder in "QSApiAnalytics" target */ = {
			isa = PBXFileSystemSynchronizedBuildFileExceptionSet;
			membershipExceptions = (
				Info.plist,
			);
			target = 1F177A582EFA4A39008B8697 /* QSApiAnalytics */;
		};
		1F177B2B2EFA70D1008B8697 /* Exceptions for "QSApiAnalytics" folder in "QSApiAnalyticsWatch Watch App" target */ = {
			isa = PBXFileSystemSynchronizedBuildFileExceptionSet;
			membershipExceptions = (
				Tool/ApiAnalytics.swift,
				Tool/ApiAnalyticsModel.swift,
			);
			target = 1F177B172EFA7093008B8697 /* QSApiAnalyticsWatch Watch App */;
		};
/* End PBXFileSystemSynchronizedBuildFileExceptionSet section */

/* Begin PBXFileSystemSynchronizedRootGroup section */
		1F177A8D2EFA4A55008B8697 /* QSApiAnalytics */ = {
			isa = PBXFileSystemSynchronizedRootGroup;
			exceptions = (
				1F177A952EFA4A55008B8697 /* Exceptions for "QSApiAnalytics" folder in "QSApiAnalytics" target */,
				1F177B2B2EFA70D1008B8697 /* Exceptions for "QSApiAnalytics" folder in "QSApiAnalyticsWatch Watch App" target */,
			);
			path = QSApiAnalytics;
			sourceTree = "<group>";
		};
		1F177B192EFA7093008B8697 /* QSApiAnalyticsWatch Watch App */ = {
			isa = PBXFileSystemSynchronizedRootGroup;
			path = "QSApiAnalyticsWatch Watch App";
			sourceTree = "<group>";
		};
/* End PBXFileSystemSynchronizedRootGroup section */

/* Begin PBXFrameworksBuildPhase section */
		1F177A562EFA4A39008B8697 /* Frameworks */ = {
			isa = PBXFrameworksBuildPhase;
			buildActionMask = 2147483647;
			files = (
				98D46191A8698FB2F01D93AE /* Pods_QSApiAnalytics.framework in Frameworks */,
			);
			runOnlyForDeploymentPostprocessing = 0;
		};
		1F177B152EFA7093008B8697 /* Frameworks */ = {
			isa = PBXFrameworksBuildPhase;
			buildActionMask = 2147483647;
			files = (
				4111DEB96E2F859DF706763E /* Pods_QSApiAnalyticsWatch_Watch_App.framework in Frameworks */,
			);
			runOnlyForDeploymentPostprocessing = 0;
		};
/* End PBXFrameworksBuildPhase section */

/* Begin PBXGroup section */
		19C6274D14975B85D7204146 /* Frameworks */ = {
			isa = PBXGroup;
			children = (
				D133472727839CFE61D1B03A /* Pods_QSApiAnalytics.framework */,
				6BA1EDB44FB306AEF7E46E21 /* Pods_QSApiAnalyticsWatch_Watch_App.framework */,
			);
			name = Frameworks;
			sourceTree = "<group>";
		};
		1F177A502EFA4A39008B8697 = {
			isa = PBXGroup;
			children = (
				1F177A8D2EFA4A55008B8697 /* QSApiAnalytics */,
				1F177B192EFA7093008B8697 /* QSApiAnalyticsWatch Watch App */,
				1F177A5A2EFA4A39008B8697 /* Products */,
				FE4024CF15606BA40435EBD6 /* Pods */,
				19C6274D14975B85D7204146 /* Frameworks */,
			);
			sourceTree = "<group>";
		};
		1F177A5A2EFA4A39008B8697 /* Products */ = {
			isa = PBXGroup;
			children = (
				1F177A592EFA4A39008B8697 /* QSApiAnalytics.app */,
				1F177B182EFA7093008B8697 /* QSApiAnalyticsWatch Watch App.app */,
			);
			name = Products;
			sourceTree = "<group>";
		};
		FE4024CF15606BA40435EBD6 /* Pods */ = {
			isa = PBXGroup;
			children = (
				5FFFF7A25B4E4844353DF7D4 /* Pods-QSApiAnalytics.debug.xcconfig */,
				50A436F8429DE6DCD1FD87FC /* Pods-QSApiAnalytics.release.xcconfig */,
				4E7383032894B20DB765F514 /* Pods-QSApiAnalyticsWatch Watch App.debug.xcconfig */,
				193A421B2E39D96B0D55CDAB /* Pods-QSApiAnalyticsWatch Watch App.release.xcconfig */,
			);
			path = Pods;
			sourceTree = "<group>";
		};
/* End PBXGroup section */

/* Begin PBXNativeTarget section */
		1F177A582EFA4A39008B8697 /* QSApiAnalytics */ = {
			isa = PBXNativeTarget;
			buildConfigurationList = 1F177A6C2EFA4A3A008B8697 /* Build configuration list for PBXNativeTarget "QSApiAnalytics" */;
			buildPhases = (
				7FEF9FBF7289DDE24870530B /* [CP] Check Pods Manifest.lock */,
				1F177A552EFA4A39008B8697 /* Sources */,
				1F177A562EFA4A39008B8697 /* Frameworks */,
				1F177A572EFA4A39008B8697 /* Resources */,
				EAE85C249B077E00EDA71A19 /* [CP] Embed Pods Frameworks */,
				1F177B262EFA7095008B8697 /* Embed Watch Content */,
			);
			buildRules = (
			);
			dependencies = (
				1F177B242EFA7095008B8697 /* PBXTargetDependency */,
			);
			fileSystemSynchronizedGroups = (
				1F177A8D2EFA4A55008B8697 /* QSApiAnalytics */,
			);
			name = QSApiAnalytics;
			productName = QSApiAnalytics;
			productReference = 1F177A592EFA4A39008B8697 /* QSApiAnalytics.app */;
			productType = "com.apple.product-type.application";
		};
		1F177B172EFA7093008B8697 /* QSApiAnalyticsWatch Watch App */ = {
			isa = PBXNativeTarget;
			buildConfigurationList = 1F177B292EFA7095008B8697 /* Build configuration list for PBXNativeTarget "QSApiAnalyticsWatch Watch App" */;
			buildPhases = (
				B3AD5C85ABE62EF542D26A22 /* [CP] Check Pods Manifest.lock */,
				1F177B142EFA7093008B8697 /* Sources */,
				1F177B152EFA7093008B8697 /* Frameworks */,
				1F177B162EFA7093008B8697 /* Resources */,
				86F3B3720995C649F247702B /* [CP] Embed Pods Frameworks */,
			);
			buildRules = (
			);
			dependencies = (
			);
			fileSystemSynchronizedGroups = (
				1F177B192EFA7093008B8697 /* QSApiAnalyticsWatch Watch App */,
			);
			name = "QSApiAnalyticsWatch Watch App";
			productName = "QSApiAnalyticsWatch Watch App";
			productReference = 1F177B182EFA7093008B8697 /* QSApiAnalyticsWatch Watch App.app */;
			productType = "com.apple.product-type.application";
		};
/* End PBXNativeTarget section */

/* Begin PBXProject section */
		1F177A512EFA4A39008B8697 /* Project object */ = {
			isa = PBXProject;
			attributes = {
				BuildIndependentTargetsInParallel = 1;
				LastSwiftUpdateCheck = 1620;
				LastUpgradeCheck = 1620;
				TargetAttributes = {
					1F177A582EFA4A39008B8697 = {
						CreatedOnToolsVersion = 16.2;
					};
					1F177B172EFA7093008B8697 = {
						CreatedOnToolsVersion = 16.2;
					};
				};
			};
			buildConfigurationList = 1F177A542EFA4A39008B8697 /* Build configuration list for PBXProject "QSApiAnalytics" */;
			developmentRegion = en;
			hasScannedForEncodings = 0;
			knownRegions = (
				en,
				Base,
			);
			mainGroup = 1F177A502EFA4A39008B8697;
			minimizedProjectReferenceProxies = 1;
			preferredProjectObjectVersion = 77;
			productRefGroup = 1F177A5A2EFA4A39008B8697 /* Products */;
			projectDirPath = "";
			projectRoot = "";
			targets = (
				1F177A582EFA4A39008B8697 /* QSApiAnalytics */,
				1F177B172EFA7093008B8697 /* QSApiAnalyticsWatch Watch App */,
			);
		};
/* End PBXProject section */

/* Begin PBXResourcesBuildPhase section */
		1F177A572EFA4A39008B8697 /* Resources */ = {
			isa = PBXResourcesBuildPhase;
			buildActionMask = 2147483647;
			files = (
			);
			runOnlyForDeploymentPostprocessing = 0;
		};
		1F177B162EFA7093008B8697 /* Resources */ = {
			isa = PBXResourcesBuildPhase;
			buildActionMask = 2147483647;
			files = (
			);
			runOnlyForDeploymentPostprocessing = 0;
		};
/* End PBXResourcesBuildPhase section */

/* Begin PBXShellScriptBuildPhase section */
		7FEF9FBF7289DDE24870530B /* [CP] Check Pods Manifest.lock */ = {
			isa = PBXShellScriptBuildPhase;
			buildActionMask = 2147483647;
			files = (
			);
			inputFileListPaths = (
			);
			inputPaths = (
				"${PODS_PODFILE_DIR_PATH}/Podfile.lock",
				"${PODS_ROOT}/Manifest.lock",
			);
			name = "[CP] Check Pods Manifest.lock";
			outputFileListPaths = (
			);
			outputPaths = (
				"$(DERIVED_FILE_DIR)/Pods-QSApiAnalytics-checkManifestLockResult.txt",
			);
			runOnlyForDeploymentPostprocessing = 0;
			shellPath = /bin/sh;
			shellScript = "diff \"${PODS_PODFILE_DIR_PATH}/Podfile.lock\" \"${PODS_ROOT}/Manifest.lock\" > /dev/null\nif [ $? != 0 ] ; then\n    # print error to STDERR\n    echo \"error: The sandbox is not in sync with the Podfile.lock. Run 'pod install' or update your CocoaPods installation.\" >&2\n    exit 1\nfi\n# This output is used by Xcode 'outputs' to avoid re-running this script phase.\necho \"SUCCESS\" > \"${SCRIPT_OUTPUT_FILE_0}\"\n";
			showEnvVarsInLog = 0;
		};
		86F3B3720995C649F247702B /* [CP] Embed Pods Frameworks */ = {
			isa = PBXShellScriptBuildPhase;
			buildActionMask = 2147483647;
			files = (
			);
			inputFileListPaths = (
				"${PODS_ROOT}/Target Support Files/Pods-QSApiAnalyticsWatch Watch App/Pods-QSApiAnalyticsWatch Watch App-frameworks-${CONFIGURATION}-input-files.xcfilelist",
			);
			name = "[CP] Embed Pods Frameworks";
			outputFileListPaths = (
				"${PODS_ROOT}/Target Support Files/Pods-QSApiAnalyticsWatch Watch App/Pods-QSApiAnalyticsWatch Watch App-frameworks-${CONFIGURATION}-output-files.xcfilelist",
			);
			runOnlyForDeploymentPostprocessing = 0;
			shellPath = /bin/sh;
			shellScript = "\"${PODS_ROOT}/Target Support Files/Pods-QSApiAnalyticsWatch Watch App/Pods-QSApiAnalyticsWatch Watch App-frameworks.sh\"\n";
			showEnvVarsInLog = 0;
		};
		B3AD5C85ABE62EF542D26A22 /* [CP] Check Pods Manifest.lock */ = {
			isa = PBXShellScriptBuildPhase;
			buildActionMask = 2147483647;
			files = (
			);
			inputFileListPaths = (
			);
			inputPaths = (
				"${PODS_PODFILE_DIR_PATH}/Podfile.lock",
				"${PODS_ROOT}/Manifest.lock",
			);
			name = "[CP] Check Pods Manifest.lock";
			outputFileListPaths = (
			);
			outputPaths = (
				"$(DERIVED_FILE_DIR)/Pods-QSApiAnalyticsWatch Watch App-checkManifestLockResult.txt",
			);
			runOnlyForDeploymentPostprocessing = 0;
			shellPath = /bin/sh;
			shellScript = "diff \"${PODS_PODFILE_DIR_PATH}/Podfile.lock\" \"${PODS_ROOT}/Manifest.lock\" > /dev/null\nif [ $? != 0 ] ; then\n    # print error to STDERR\n    echo \"error: The sandbox is not in sync with the Podfile.lock. Run 'pod install' or update your CocoaPods installation.\" >&2\n    exit 1\nfi\n# This output is used by Xcode 'outputs' to avoid re-running this script phase.\necho \"SUCCESS\" > \"${SCRIPT_OUTPUT_FILE_0}\"\n";
			showEnvVarsInLog = 0;
		};
		EAE85C249B077E00EDA71A19 /* [CP] Embed Pods Frameworks */ = {
			isa = PBXShellScriptBuildPhase;
			buildActionMask = 2147483647;
			files = (
			);
			inputFileListPaths = (
				"${PODS_ROOT}/Target Support Files/Pods-QSApiAnalytics/Pods-QSApiAnalytics-frameworks-${CONFIGURATION}-input-files.xcfilelist",
			);
			name = "[CP] Embed Pods Frameworks";
			outputFileListPaths = (
				"${PODS_ROOT}/Target Support Files/Pods-QSApiAnalytics/Pods-QSApiAnalytics-frameworks-${CONFIGURATION}-output-files.xcfilelist",
			);
			runOnlyForDeploymentPostprocessing = 0;
			shellPath = /bin/sh;
			shellScript = "\"${PODS_ROOT}/Target Support Files/Pods-QSApiAnalytics/Pods-QSApiAnalytics-frameworks.sh\"\n";
			showEnvVarsInLog = 0;
		};
/* End PBXShellScriptBuildPhase section */

/* Begin PBXSourcesBuildPhase section */
		1F177A552EFA4A39008B8697 /* Sources */ = {
			isa = PBXSourcesBuildPhase;
			buildActionMask = 2147483647;
			files = (
			);
			runOnlyForDeploymentPostprocessing = 0;
		};
		1F177B142EFA7093008B8697 /* Sources */ = {
			isa = PBXSourcesBuildPhase;
			buildActionMask = 2147483647;
			files = (
			);
			runOnlyForDeploymentPostprocessing = 0;
		};
/* End PBXSourcesBuildPhase section */

/* Begin PBXTargetDependency section */
		1F177B242EFA7095008B8697 /* PBXTargetDependency */ = {
			isa = PBXTargetDependency;
			target = 1F177B172EFA7093008B8697 /* QSApiAnalyticsWatch Watch App */;
			targetProxy = 1F177B232EFA7095008B8697 /* PBXContainerItemProxy */;
		};
/* End PBXTargetDependency section */

/* Begin XCBuildConfiguration section */
		1F177A6D2EFA4A3A008B8697 /* Debug */ = {
			isa = XCBuildConfiguration;
			baseConfigurationReference = 5FFFF7A25B4E4844353DF7D4 /* Pods-QSApiAnalytics.debug.xcconfig */;
			buildSettings = {
				ASSETCATALOG_COMPILER_APPICON_NAME = AppIcon;
				ASSETCATALOG_COMPILER_GLOBAL_ACCENT_COLOR_NAME = AccentColor;
				CODE_SIGN_STYLE = Automatic;
				CURRENT_PROJECT_VERSION = 1;
				DEVELOPMENT_TEAM = X8PB93M4JK;
				ENABLE_USER_SCRIPT_SANDBOXING = NO;
				GENERATE_INFOPLIST_FILE = YES;
				INFOPLIST_FILE = QSApiAnalytics/Info.plist;
				INFOPLIST_KEY_UIApplicationSupportsIndirectInputEvents = YES;
				INFOPLIST_KEY_UILaunchStoryboardName = LaunchScreen;
				INFOPLIST_KEY_UIMainStoryboardFile = Main;
				INFOPLIST_KEY_UISupportedInterfaceOrientations_iPad = "UIInterfaceOrientationPortrait UIInterfaceOrientationPortraitUpsideDown UIInterfaceOrientationLandscapeLeft UIInterfaceOrientationLandscapeRight";
				INFOPLIST_KEY_UISupportedInterfaceOrientations_iPhone = "UIInterfaceOrientationPortrait UIInterfaceOrientationLandscapeLeft UIInterfaceOrientationLandscapeRight";
				IPHONEOS_DEPLOYMENT_TARGET = 15.0;
				LD_RUNPATH_SEARCH_PATHS = (
					"$(inherited)",
					"@executable_path/Frameworks",
				);
				MARKETING_VERSION = 1.0.6;
				PRODUCT_BUNDLE_IDENTIFIER = com.wa.QSApiAnalytics;
				PRODUCT_NAME = "$(TARGET_NAME)";
				SWIFT_EMIT_LOC_STRINGS = YES;
				SWIFT_VERSION = 5.0;
				TARGETED_DEVICE_FAMILY = "1,2";
			};
			name = Debug;
		};
		1F177A6E2EFA4A3A008B8697 /* Release */ = {
			isa = XCBuildConfiguration;
			baseConfigurationReference = 50A436F8429DE6DCD1FD87FC /* Pods-QSApiAnalytics.release.xcconfig */;
			buildSettings = {
				ASSETCATALOG_COMPILER_APPICON_NAME = AppIcon;
				ASSETCATALOG_COMPILER_GLOBAL_ACCENT_COLOR_NAME = AccentColor;
				CODE_SIGN_STYLE = Automatic;
				CURRENT_PROJECT_VERSION = 1;
				DEVELOPMENT_TEAM = X8PB93M4JK;
				ENABLE_USER_SCRIPT_SANDBOXING = NO;
				GENERATE_INFOPLIST_FILE = YES;
				INFOPLIST_FILE = QSApiAnalytics/Info.plist;
				INFOPLIST_KEY_UIApplicationSupportsIndirectInputEvents = YES;
				INFOPLIST_KEY_UILaunchStoryboardName = LaunchScreen;
				INFOPLIST_KEY_UIMainStoryboardFile = Main;
				INFOPLIST_KEY_UISupportedInterfaceOrientations_iPad = "UIInterfaceOrientationPortrait UIInterfaceOrientationPortraitUpsideDown UIInterfaceOrientationLandscapeLeft UIInterfaceOrientationLandscapeRight";
				INFOPLIST_KEY_UISupportedInterfaceOrientations_iPhone = "UIInterfaceOrientationPortrait UIInterfaceOrientationLandscapeLeft UIInterfaceOrientationLandscapeRight";
				IPHONEOS_DEPLOYMENT_TARGET = 15.0;
				LD_RUNPATH_SEARCH_PATHS = (
					"$(inherited)",
					"@executable_path/Frameworks",
				);
				MARKETING_VERSION = 1.0.6;
				PRODUCT_BUNDLE_IDENTIFIER = com.wa.QSApiAnalytics;
				PRODUCT_NAME = "$(TARGET_NAME)";
				SWIFT_EMIT_LOC_STRINGS = YES;
				SWIFT_VERSION = 5.0;
				TARGETED_DEVICE_FAMILY = "1,2";
			};
			name = Release;
		};
		1F177A6F2EFA4A3A008B8697 /* Debug */ = {
			isa = XCBuildConfiguration;
			buildSettings = {
				ALWAYS_SEARCH_USER_PATHS = NO;
				ASSETCATALOG_COMPILER_GENERATE_SWIFT_ASSET_SYMBOL_EXTENSIONS = YES;
				CLANG_ANALYZER_NONNULL = YES;
				CLANG_ANALYZER_NUMBER_OBJECT_CONVERSION = YES_AGGRESSIVE;
				CLANG_CXX_LANGUAGE_STANDARD = "gnu++20";
				CLANG_ENABLE_MODULES = YES;
				CLANG_ENABLE_OBJC_ARC = YES;
				CLANG_ENABLE_OBJC_WEAK = YES;
				CLANG_WARN_BLOCK_CAPTURE_AUTORELEASING = YES;
				CLANG_WARN_BOOL_CONVERSION = YES;
				CLANG_WARN_COMMA = YES;
				CLANG_WARN_CONSTANT_CONVERSION = YES;
				CLANG_WARN_DEPRECATED_OBJC_IMPLEMENTATIONS = YES;
				CLANG_WARN_DIRECT_OBJC_ISA_USAGE = YES_ERROR;
				CLANG_WARN_DOCUMENTATION_COMMENTS = YES;
				CLANG_WARN_EMPTY_BODY = YES;
				CLANG_WARN_ENUM_CONVERSION = YES;
				CLANG_WARN_INFINITE_RECURSION = YES;
				CLANG_WARN_INT_CONVERSION = YES;
				CLANG_WARN_NON_LITERAL_NULL_CONVERSION = YES;
				CLANG_WARN_OBJC_IMPLICIT_RETAIN_SELF = YES;
				CLANG_WARN_OBJC_LITERAL_CONVERSION = YES;
				CLANG_WARN_OBJC_ROOT_CLASS = YES_ERROR;
				CLANG_WARN_QUOTED_INCLUDE_IN_FRAMEWORK_HEADER = YES;
				CLANG_WARN_RANGE_LOOP_ANALYSIS = YES;
				CLANG_WARN_STRICT_PROTOTYPES = YES;
				CLANG_WARN_SUSPICIOUS_MOVE = YES;
				CLANG_WARN_UNGUARDED_AVAILABILITY = YES_AGGRESSIVE;
				CLANG_WARN_UNREACHABLE_CODE = YES;
				CLANG_WARN__DUPLICATE_METHOD_MATCH = YES;
				COPY_PHASE_STRIP = NO;
				DEBUG_INFORMATION_FORMAT = dwarf;
				ENABLE_STRICT_OBJC_MSGSEND = YES;
				ENABLE_TESTABILITY = YES;
				ENABLE_USER_SCRIPT_SANDBOXING = YES;
				GCC_C_LANGUAGE_STANDARD = gnu17;
				GCC_DYNAMIC_NO_PIC = NO;
				GCC_NO_COMMON_BLOCKS = YES;
				GCC_OPTIMIZATION_LEVEL = 0;
				GCC_PREPROCESSOR_DEFINITIONS = (
					"DEBUG=1",
					"$(inherited)",
				);
				GCC_WARN_64_TO_32_BIT_CONVERSION = YES;
				GCC_WARN_ABOUT_RETURN_TYPE = YES_ERROR;
				GCC_WARN_UNDECLARED_SELECTOR = YES;
				GCC_WARN_UNINITIALIZED_AUTOS = YES_AGGRESSIVE;
				GCC_WARN_UNUSED_FUNCTION = YES;
				GCC_WARN_UNUSED_VARIABLE = YES;
				IPHONEOS_DEPLOYMENT_TARGET = 18.2;
				LOCALIZATION_PREFERS_STRING_CATALOGS = YES;
				MTL_ENABLE_DEBUG_INFO = INCLUDE_SOURCE;
				MTL_FAST_MATH = YES;
				ONLY_ACTIVE_ARCH = YES;
				SDKROOT = iphoneos;
				SWIFT_ACTIVE_COMPILATION_CONDITIONS = "DEBUG $(inherited)";
				SWIFT_OPTIMIZATION_LEVEL = "-Onone";
			};
			name = Debug;
		};
		1F177A702EFA4A3A008B8697 /* Release */ = {
			isa = XCBuildConfiguration;
			buildSettings = {
				ALWAYS_SEARCH_USER_PATHS = NO;
				ASSETCATALOG_COMPILER_GENERATE_SWIFT_ASSET_SYMBOL_EXTENSIONS = YES;
				CLANG_ANALYZER_NONNULL = YES;
				CLANG_ANALYZER_NUMBER_OBJECT_CONVERSION = YES_AGGRESSIVE;
				CLANG_CXX_LANGUAGE_STANDARD = "gnu++20";
				CLANG_ENABLE_MODULES = YES;
				CLANG_ENABLE_OBJC_ARC = YES;
				CLANG_ENABLE_OBJC_WEAK = YES;
				CLANG_WARN_BLOCK_CAPTURE_AUTORELEASING = YES;
				CLANG_WARN_BOOL_CONVERSION = YES;
				CLANG_WARN_COMMA = YES;
				CLANG_WARN_CONSTANT_CONVERSION = YES;
				CLANG_WARN_DEPRECATED_OBJC_IMPLEMENTATIONS = YES;
				CLANG_WARN_DIRECT_OBJC_ISA_USAGE = YES_ERROR;
				CLANG_WARN_DOCUMENTATION_COMMENTS = YES;
				CLANG_WARN_EMPTY_BODY = YES;
				CLANG_WARN_ENUM_CONVERSION = YES;
				CLANG_WARN_INFINITE_RECURSION = YES;
				CLANG_WARN_INT_CONVERSION = YES;
				CLANG_WARN_NON_LITERAL_NULL_CONVERSION = YES;
				CLANG_WARN_OBJC_IMPLICIT_RETAIN_SELF = YES;
				CLANG_WARN_OBJC_LITERAL_CONVERSION = YES;
				CLANG_WARN_OBJC_ROOT_CLASS = YES_ERROR;
				CLANG_WARN_QUOTED_INCLUDE_IN_FRAMEWORK_HEADER = YES;
				CLANG_WARN_RANGE_LOOP_ANALYSIS = YES;
				CLANG_WARN_STRICT_PROTOTYPES = YES;
				CLANG_WARN_SUSPICIOUS_MOVE = YES;
				CLANG_WARN_UNGUARDED_AVAILABILITY = YES_AGGRESSIVE;
				CLANG_WARN_UNREACHABLE_CODE = YES;
				CLANG_WARN__DUPLICATE_METHOD_MATCH = YES;
				COPY_PHASE_STRIP = NO;
				DEBUG_INFORMATION_FORMAT = "dwarf-with-dsym";
				ENABLE_NS_ASSERTIONS = NO;
				ENABLE_STRICT_OBJC_MSGSEND = YES;
				ENABLE_USER_SCRIPT_SANDBOXING = YES;
				GCC_C_LANGUAGE_STANDARD = gnu17;
				GCC_NO_COMMON_BLOCKS = YES;
				GCC_WARN_64_TO_32_BIT_CONVERSION = YES;
				GCC_WARN_ABOUT_RETURN_TYPE = YES_ERROR;
				GCC_WARN_UNDECLARED_SELECTOR = YES;
				GCC_WARN_UNINITIALIZED_AUTOS = YES_AGGRESSIVE;
				GCC_WARN_UNUSED_FUNCTION = YES;
				GCC_WARN_UNUSED_VARIABLE = YES;
				IPHONEOS_DEPLOYMENT_TARGET = 18.2;
				LOCALIZATION_PREFERS_STRING_CATALOGS = YES;
				MTL_ENABLE_DEBUG_INFO = NO;
				MTL_FAST_MATH = YES;
				SDKROOT = iphoneos;
				SWIFT_COMPILATION_MODE = wholemodule;
				VALIDATE_PRODUCT = YES;
			};
			name = Release;
		};
		1F177B272EFA7095008B8697 /* Debug */ = {
			isa = XCBuildConfiguration;
			baseConfigurationReference = 4E7383032894B20DB765F514 /* Pods-QSApiAnalyticsWatch Watch App.debug.xcconfig */;
			buildSettings = {
				ASSETCATALOG_COMPILER_APPICON_NAME = AppIcon;
				ASSETCATALOG_COMPILER_GLOBAL_ACCENT_COLOR_NAME = AccentColor;
				CODE_SIGN_STYLE = Automatic;
				CURRENT_PROJECT_VERSION = 1;
				DEVELOPMENT_ASSET_PATHS = "\"QSApiAnalyticsWatch Watch App/Preview Content\"";
				DEVELOPMENT_TEAM = X8PB93M4JK;
				ENABLE_PREVIEWS = YES;
				ENABLE_USER_SCRIPT_SANDBOXING = NO;
				GENERATE_INFOPLIST_FILE = YES;
				INFOPLIST_KEY_CFBundleDisplayName = QSApiAnalyticsWatch;
				INFOPLIST_KEY_UISupportedInterfaceOrientations = "UIInterfaceOrientationPortrait UIInterfaceOrientationPortraitUpsideDown";
				INFOPLIST_KEY_WKCompanionAppBundleIdentifier = com.wa.QSApiAnalytics;
				LD_RUNPATH_SEARCH_PATHS = (
					"$(inherited)",
					"@executable_path/Frameworks",
				);
				MARKETING_VERSION = 1.0;
				PRODUCT_BUNDLE_IDENTIFIER = com.wa.QSApiAnalytics.watchkitapp;
				PRODUCT_NAME = "$(TARGET_NAME)";
				SDKROOT = watchos;
				SKIP_INSTALL = YES;
				SWIFT_EMIT_LOC_STRINGS = YES;
				SWIFT_VERSION = 5.0;
				TARGETED_DEVICE_FAMILY = 4;
				WATCHOS_DEPLOYMENT_TARGET = 11.0;
			};
			name = Debug;
		};
		1F177B282EFA7095008B8697 /* Release */ = {
			isa = XCBuildConfiguration;
			baseConfigurationReference = 193A421B2E39D96B0D55CDAB /* Pods-QSApiAnalyticsWatch Watch App.release.xcconfig */;
			buildSettings = {
				ASSETCATALOG_COMPILER_APPICON_NAME = AppIcon;
				ASSETCATALOG_COMPILER_GLOBAL_ACCENT_COLOR_NAME = AccentColor;
				CODE_SIGN_STYLE = Automatic;
				CURRENT_PROJECT_VERSION = 1;
				DEVELOPMENT_ASSET_PATHS = "\"QSApiAnalyticsWatch Watch App/Preview Content\"";
				DEVELOPMENT_TEAM = X8PB93M4JK;
				ENABLE_PREVIEWS = YES;
				ENABLE_USER_SCRIPT_SANDBOXING = NO;
				GENERATE_INFOPLIST_FILE = YES;
				INFOPLIST_KEY_CFBundleDisplayName = QSApiAnalyticsWatch;
				INFOPLIST_KEY_UISupportedInterfaceOrientations = "UIInterfaceOrientationPortrait UIInterfaceOrientationPortraitUpsideDown";
				INFOPLIST_KEY_WKCompanionAppBundleIdentifier = com.wa.QSApiAnalytics;
				LD_RUNPATH_SEARCH_PATHS = (
					"$(inherited)",
					"@executable_path/Frameworks",
				);
				MARKETING_VERSION = 1.0;
				PRODUCT_BUNDLE_IDENTIFIER = com.wa.QSApiAnalytics.watchkitapp;
				PRODUCT_NAME = "$(TARGET_NAME)";
				SDKROOT = watchos;
				SKIP_INSTALL = YES;
				SWIFT_EMIT_LOC_STRINGS = YES;
				SWIFT_VERSION = 5.0;
				TARGETED_DEVICE_FAMILY = 4;
				WATCHOS_DEPLOYMENT_TARGET = 11.0;
			};
			name = Release;
		};
/* End XCBuildConfiguration section */

/* Begin XCConfigurationList section */
		1F177A542EFA4A39008B8697 /* Build configuration list for PBXProject "QSApiAnalytics" */ = {
			isa = XCConfigurationList;
			buildConfigurations = (
				1F177A6F2EFA4A3A008B8697 /* Debug */,
				1F177A702EFA4A3A008B8697 /* Release */,
			);
			defaultConfigurationIsVisible = 0;
			defaultConfigurationName = Release;
		};
		1F177A6C2EFA4A3A008B8697 /* Build configuration list for PBXNativeTarget "QSApiAnalytics" */ = {
			isa = XCConfigurationList;
			buildConfigurations = (
				1F177A6D2EFA4A3A008B8697 /* Debug */,
				1F177A6E2EFA4A3A008B8697 /* Release */,
			);
			defaultConfigurationIsVisible = 0;
			defaultConfigurationName = Release;
		};
		1F177B292EFA7095008B8697 /* Build configuration list for PBXNativeTarget "QSApiAnalyticsWatch Watch App" */ = {
			isa = XCConfigurationList;
			buildConfigurations = (
				1F177B272EFA7095008B8697 /* Debug */,
				1F177B282EFA7095008B8697 /* Release */,
			);
			defaultConfigurationIsVisible = 0;
			defaultConfigurationName = Release;
		};
/* End XCConfigurationList section */
	};
	rootObject = 1F177A512EFA4A39008B8697 /* Project object */;
}
